
Microsoft Visual Studio Solution File, Format Version 12.00
# Visual Studio Version 17
VisualStudioVersion = 17.0.31903.59
MinimumVisualStudioVersion = 10.0.40219.1
Project("{2150E333-8FDC-42A3-9474-1A3956D46DE8}") = "backend", "backend", "{1AE8ACA6-933B-BF2A-3671-3E2EAC007D16}"
EndProject
Project("{2150E333-8FDC-42A3-9474-1A3956D46DE8}") = "src", "src", "{0F9113EE-888A-26D2-68B0-4A7D0A2A8745}"
EndProject
Project("{FAE04EC0-301F-11D3-BF4B-00C04F79EFBC}") = "NetRentManagerApi", "backend\src\NetRentManagerApi\NetRentManagerApi.csproj", "{F7E1D625-8A7A-4904-B105-0A312B3460EF}"
EndProject
Project("{2150E333-8FDC-42A3-9474-1A3956D46DE8}") = "tests", "tests", "{F57642F3-C37C-D174-720E-6A6AAD5BEE22}"
EndProject
Project("{FAE04EC0-301F-11D3-BF4B-00C04F79EFBC}") = "NetRentManagerApiTests", "backend\tests\NetRentManagerApiTests\NetRentManagerApiTests.csproj", "{B0A1B998-180E-4160-BE26-1524D0B4D2BC}"
EndProject
Project("{2150E333-8FDC-42A3-9474-1A3956D46DE8}") = "frontend", "frontend", "{CE609670-85B9-0D16-FB54-ED063D5D8A6D}"
EndProject
Project("{2150E333-8FDC-42A3-9474-1A3956D46DE8}") = "src", "src", "{E40BF17A-E631-09D5-7889-66BEE0F9AB0F}"
EndProject
Project("{FAE04EC0-301F-11D3-BF4B-00C04F79EFBC}") = "NetRentManagerWeb", "frontend\src\NetRentManagerWeb\NetRentManagerWeb.csproj", "{E8099778-1361-43AA-8E1D-F31F30911B44}"
EndProject
Project("{2150E333-8FDC-42A3-9474-1A3956D46DE8}") = "test", "test", "{AF1A3FFA-602F-3BFC-1AC9-8D5869583099}"
EndProject
Project("{FAE04EC0-301F-11D3-BF4B-00C04F79EFBC}") = "NetRentManagerWeb", "frontend\test\NetRentManagerWeb\NetRentManagerWeb.csproj", "{11187484-3B37-4E1F-B62F-9E585629D9BE}"
EndProject
Global
	GlobalSection(SolutionConfigurationPlatforms) = preSolution
		Debug|Any CPU = Debug|Any CPU
		Debug|x64 = Debug|x64
		Debug|x86 = Debug|x86
		Release|Any CPU = Release|Any CPU
		Release|x64 = Release|x64
		Release|x86 = Release|x86
	EndGlobalSection
	GlobalSection(ProjectConfigurationPlatforms) = postSolution
		{F7E1D625-8A7A-4904-B105-0A312B3460EF}.Debug|Any CPU.ActiveCfg = Debug|Any CPU
		{F7E1D625-8A7A-4904-B105-0A312B3460EF}.Debug|Any CPU.Build.0 = Debug|Any CPU
		{F7E1D625-8A7A-4904-B105-0A312B3460EF}.Debug|x64.ActiveCfg = Debug|Any CPU
		{F7E1D625-8A7A-4904-B105-0A312B3460EF}.Debug|x64.Build.0 = Debug|Any CPU
		{F7E1D625-8A7A-4904-B105-0A312B3460EF}.Debug|x86.ActiveCfg = Debug|Any CPU
		{F7E1D625-8A7A-4904-B105-0A312B3460EF}.Debug|x86.Build.0 = Debug|Any CPU
		{F7E1D625-8A7A-4904-B105-0A312B3460EF}.Release|Any CPU.ActiveCfg = Release|Any CPU
		{F7E1D625-8A7A-4904-B105-0A312B3460EF}.Release|Any CPU.Build.0 = Release|Any CPU
		{F7E1D625-8A7A-4904-B105-0A312B3460EF}.Release|x64.ActiveCfg = Release|Any CPU
		{F7E1D625-8A7A-4904-B105-0A312B3460EF}.Release|x64.Build.0 = Release|Any CPU
		{F7E1D625-8A7A-4904-B105-0A312B3460EF}.Release|x86.ActiveCfg = Release|Any CPU
		{F7E1D625-8A7A-4904-B105-0A312B3460EF}.Release|x86.Build.0 = Release|Any CPU
		{B0A1B998-180E-4160-BE26-1524D0B4D2BC}.Debug|Any CPU.ActiveCfg = Debug|Any CPU
		{B0A1B998-180E-4160-BE26-1524D0B4D2BC}.Debug|Any CPU.Build.0 = Debug|Any CPU
		{B0A1B998-180E-4160-BE26-1524D0B4D2BC}.Debug|x64.ActiveCfg = Debug|Any CPU
		{B0A1B998-180E-4160-BE26-1524D0B4D2BC}.Debug|x64.Build.0 = Debug|Any CPU
		{B0A1B998-180E-4160-BE26-1524D0B4D2BC}.Debug|x86.ActiveCfg = Debug|Any CPU
		{B0A1B998-180E-4160-BE26-1524D0B4D2BC}.Debug|x86.Build.0 = Debug|Any CPU
		{B0A1B998-180E-4160-BE26-1524D0B4D2BC}.Release|Any CPU.ActiveCfg = Release|Any CPU
		{B0A1B998-180E-4160-BE26-1524D0B4D2BC}.Release|Any CPU.Build.0 = Release|Any CPU
		{B0A1B998-180E-4160-BE26-1524D0B4D2BC}.Release|x64.ActiveCfg = Release|Any CPU
		{B0A1B998-180E-4160-BE26-1524D0B4D2BC}.Release|x64.Build.0 = Release|Any CPU
		{B0A1B998-180E-4160-BE26-1524D0B4D2BC}.Release|x86.ActiveCfg = Release|Any CPU
		{B0A1B998-180E-4160-BE26-1524D0B4D2BC}.Release|x86.Build.0 = Release|Any CPU
		{E8099778-1361-43AA-8E1D-F31F30911B44}.Debug|Any CPU.ActiveCfg = Debug|Any CPU
		{E8099778-1361-43AA-8E1D-F31F30911B44}.Debug|Any CPU.Build.0 = Debug|Any CPU
		{E8099778-1361-43AA-8E1D-F31F30911B44}.Debug|x64.ActiveCfg = Debug|Any CPU
		{E8099778-1361-43AA-8E1D-F31F30911B44}.Debug|x64.Build.0 = Debug|Any CPU
		{E8099778-1361-43AA-8E1D-F31F30911B44}.Debug|x86.ActiveCfg = Debug|Any CPU
		{E8099778-1361-43AA-8E1D-F31F30911B44}.Debug|x86.Build.0 = Debug|Any CPU
		{E8099778-1361-43AA-8E1D-F31F30911B44}.Release|Any CPU.ActiveCfg = Release|Any CPU
		{E8099778-1361-43AA-8E1D-F31F30911B44}.Release|Any CPU.Build.0 = Release|Any CPU
		{E8099778-1361-43AA-8E1D-F31F30911B44}.Release|x64.ActiveCfg = Release|Any CPU
		{E8099778-1361-43AA-8E1D-F31F30911B44}.Release|x64.Build.0 = Release|Any CPU
		{E8099778-1361-43AA-8E1D-F31F30911B44}.Release|x86.ActiveCfg = Release|Any CPU
		{E8099778-1361-43AA-8E1D-F31F30911B44}.Release|x86.Build.0 = Release|Any CPU
		{11187484-3B37-4E1F-B62F-9E585629D9BE}.Debug|Any CPU.ActiveCfg = Debug|Any CPU
		{11187484-3B37-4E1F-B62F-9E585629D9BE}.Debug|Any CPU.Build.0 = Debug|Any CPU
		{11187484-3B37-4E1F-B62F-9E585629D9BE}.Debug|x64.ActiveCfg = Debug|Any CPU
		{11187484-3B37-4E1F-B62F-9E585629D9BE}.Debug|x64.Build.0 = Debug|Any CPU
		{11187484-3B37-4E1F-B62F-9E585629D9BE}.Debug|x86.ActiveCfg = Debug|Any CPU
		{11187484-3B37-4E1F-B62F-9E585629D9BE}.Debug|x86.Build.0 = Debug|Any CPU
		{11187484-3B37-4E1F-B62F-9E585629D9BE}.Release|Any CPU.ActiveCfg = Release|Any CPU
		{11187484-3B37-4E1F-B62F-9E585629D9BE}.Release|Any CPU.Build.0 = Release|Any CPU
		{11187484-3B37-4E1F-B62F-9E585629D9BE}.Release|x64.ActiveCfg = Release|Any CPU
		{11187484-3B37-4E1F-B62F-9E585629D9BE}.Release|x64.Build.0 = Release|Any CPU
		{11187484-3B37-4E1F-B62F-9E585629D9BE}.Release|x86.ActiveCfg = Release|Any CPU
		{11187484-3B37-4E1F-B62F-9E585629D9BE}.Release|x86.Build.0 = Release|Any CPU
	EndGlobalSection
	GlobalSection(SolutionProperties) = preSolution
		HideSolutionNode = FALSE
	EndGlobalSection
	GlobalSection(NestedProjects) = preSolution
		{0F9113EE-888A-26D2-68B0-4A7D0A2A8745} = {1AE8ACA6-933B-BF2A-3671-3E2EAC007D16}
		{F7E1D625-8A7A-4904-B105-0A312B3460EF} = {0F9113EE-888A-26D2-68B0-4A7D0A2A8745}
		{F57642F3-C37C-D174-720E-6A6AAD5BEE22} = {1AE8ACA6-933B-BF2A-3671-3E2EAC007D16}
		{B0A1B998-180E-4160-BE26-1524D0B4D2BC} = {F57642F3-C37C-D174-720E-6A6AAD5BEE22}
		{E40BF17A-E631-09D5-7889-66BEE0F9AB0F} = {CE609670-85B9-0D16-FB54-ED063D5D8A6D}
		{E8099778-1361-43AA-8E1D-F31F30911B44} = {E40BF17A-E631-09D5-7889-66BEE0F9AB0F}
		{AF1A3FFA-602F-3BFC-1AC9-8D5869583099} = {CE609670-85B9-0D16-FB54-ED063D5D8A6D}
		{11187484-3B37-4E1F-B62F-9E585629D9BE} = {AF1A3FFA-602F-3BFC-1AC9-8D5869583099}
	EndGlobalSection
EndGlobal
